
Microsoft Visual Studio Solution File, Format Version 12.00
# Visual Studio 15
VisualStudioVersion = 15.0.28010.2041
MinimumVisualStudioVersion = 10.0.40219.1
Project("{FAE04EC0-301F-11D3-BF4B-00C04F79EFBC}") = "IgpFramework_Api", "IgpFramework_Api\IgpFramework_Api.csproj", "{9DB708CD-433A-4C64-8A58-D0B6734CFE24}"
EndProject
Global
	GlobalSection(SolutionConfigurationPlatforms) = preSolution
		Debug|Any CPU = Debug|Any CPU
		Release|Any CPU = Release|Any CPU
	EndGlobalSection
	GlobalSection(ProjectConfigurationPlatforms) = postSolution
		{9DB708CD-433A-4C64-8A58-D0B6734CFE24}.Debug|Any CPU.ActiveCfg = Debug|Any CPU
		{9DB708CD-433A-4C64-8A58-D0B6734CFE24}.Debug|Any CPU.Build.0 = Debug|Any CPU
		{9DB708CD-433A-4C64-8A58-D0B6734CFE24}.Release|Any CPU.ActiveCfg = Release|Any CPU
		{9DB708CD-433A-4C64-8A58-D0B6734CFE24}.Release|Any CPU.Build.0 = Release|Any CPU
	EndGlobalSection
	GlobalSection(SolutionProperties) = preSolution
		HideSolutionNode = FALSE
	EndGlobalSection
	GlobalSection(ExtensibilityGlobals) = postSolution
		SolutionGuid = {C424BCF1-3E0E-48A6-90C2-C0FC3A5AAF38}
	EndGlobalSection
EndGlobal
