
Microsoft Visual Studio Solution File, Format Version 12.00
# Visual Studio 15
VisualStudioVersion = 15.0.28010.2041
MinimumVisualStudioVersion = 10.0.40219.1
Project("{9A19103F-16F7-4668-BE54-9A1E7A4F7556}") = "IgpFramework.Data", "..\IgpFramework.Data\IgpFramework.Data\IgpFramework.Data.csproj", "{8FBC968C-3E1D-4C54-823F-6414369A5907}"
EndProject
Project("{9A19103F-16F7-4668-BE54-9A1E7A4F7556}") = "IgpFramework.Api", "IgpFramework.Api\IgpFramework.Api.csproj", "{A7F67019-3DD4-49DD-9A73-6647A7A6FD89}"
EndProject
Global
	GlobalSection(SolutionConfigurationPlatforms) = preSolution
		Debug|Any CPU = Debug|Any CPU
		Release|Any CPU = Release|Any CPU
	EndGlobalSection
	GlobalSection(ProjectConfigurationPlatforms) = postSolution
		{8FBC968C-3E1D-4C54-823F-6414369A5907}.Debug|Any CPU.ActiveCfg = Debug|Any CPU
		{8FBC968C-3E1D-4C54-823F-6414369A5907}.Debug|Any CPU.Build.0 = Debug|Any CPU
		{8FBC968C-3E1D-4C54-823F-6414369A5907}.Release|Any CPU.ActiveCfg = Release|Any CPU
		{8FBC968C-3E1D-4C54-823F-6414369A5907}.Release|Any CPU.Build.0 = Release|Any CPU
		{A7F67019-3DD4-49DD-9A73-6647A7A6FD89}.Debug|Any CPU.ActiveCfg = Debug|Any CPU
		{A7F67019-3DD4-49DD-9A73-6647A7A6FD89}.Debug|Any CPU.Build.0 = Debug|Any CPU
		{A7F67019-3DD4-49DD-9A73-6647A7A6FD89}.Release|Any CPU.ActiveCfg = Release|Any CPU
		{A7F67019-3DD4-49DD-9A73-6647A7A6FD89}.Release|Any CPU.Build.0 = Release|Any CPU
	EndGlobalSection
	GlobalSection(SolutionProperties) = preSolution
		HideSolutionNode = FALSE
	EndGlobalSection
	GlobalSection(ExtensibilityGlobals) = postSolution
		SolutionGuid = {C424BCF1-3E0E-48A6-90C2-C0FC3A5AAF38}
	EndGlobalSection
EndGlobal
