
Microsoft Visual Studio Solution File, Format Version 12.00
# Visual Studio 15
VisualStudioVersion = 15.0.28010.2041
MinimumVisualStudioVersion = 10.0.40219.1
Project("{9A19103F-16F7-4668-BE54-9A1E7A4F7556}") = "Igp.Business.Common", "Igp.Business.Common\Igp.Business.Common.csproj", "{580017D9-8EF3-4FBA-A661-8AFD1443F03B}"
EndProject
Project("{9A19103F-16F7-4668-BE54-9A1E7A4F7556}") = "Igp.Core", "Igp.Core\Igp.Core.csproj", "{1D27DA78-2EB0-4F57-826A-2604EB17DE90}"
EndProject
Project("{9A19103F-16F7-4668-BE54-9A1E7A4F7556}") = "Igp.Api.Test", "Igp.Api.Test\Igp.Api.Test.csproj", "{35FB1996-CE5F-4C11-AEC9-AC9CBC29E4D3}"
EndProject
Project("{2150E333-8FDC-42A3-9474-1A3956D46DE8}") = "Core", "Core", "{0C982D15-5739-4AEC-B37F-CEDD939FAF3A}"
EndProject
Project("{2150E333-8FDC-42A3-9474-1A3956D46DE8}") = "DataAccessLayer", "DataAccessLayer", "{BB7CAAB2-740F-42A7-8F05-93074D625E7E}"
EndProject
Project("{2150E333-8FDC-42A3-9474-1A3956D46DE8}") = "Dto", "Dto", "{CFC2AD4C-AEF4-4FBD-86E5-7E8CA483C661}"
EndProject
Project("{2150E333-8FDC-42A3-9474-1A3956D46DE8}") = "BusinessLayer", "BusinessLayer", "{1A374264-82A4-4A75-A133-25B26031471B}"
EndProject
Project("{2150E333-8FDC-42A3-9474-1A3956D46DE8}") = "ApiServices", "ApiServices", "{E26C4883-D79B-487B-A76A-FCAEE70FAFC4}"
EndProject
Project("{2150E333-8FDC-42A3-9474-1A3956D46DE8}") = "Entities", "Entities", "{44E1F47C-2E68-4066-B670-1EF812E4D454}"
EndProject
Project("{2150E333-8FDC-42A3-9474-1A3956D46DE8}") = "Utils", "Utils", "{14DEFE5A-10AF-4CC2-B3EC-5884CA4B8292}"
EndProject
Project("{9A19103F-16F7-4668-BE54-9A1E7A4F7556}") = "Igp.Enums.Common", "Igp.Enums.Common\Igp.Enums.Common.csproj", "{F91A70D9-A7EE-4106-AB38-755498758315}"
EndProject
Project("{9A19103F-16F7-4668-BE54-9A1E7A4F7556}") = "Igp.Api.Base", "Igp.Api.Base\Igp.Api.Base.csproj", "{8F84A599-EE4A-4DB6-B99F-C495015B57DA}"
EndProject
Project("{9A19103F-16F7-4668-BE54-9A1E7A4F7556}") = "Igp.Data.Common", "Igp.Data.Common\Igp.Data.Common.csproj", "{234B31B4-6309-4E65-AAB9-AED5A78F389C}"
EndProject
Project("{9A19103F-16F7-4668-BE54-9A1E7A4F7556}") = "Igp.Dto.Common", "Igp.Dto.Common\Igp.Dto.Common.csproj", "{843D486B-2948-4DBE-BCB0-F69B58C4C738}"
EndProject
Global
	GlobalSection(SolutionConfigurationPlatforms) = preSolution
		Debug|Any CPU = Debug|Any CPU
		Release|Any CPU = Release|Any CPU
	EndGlobalSection
	GlobalSection(ProjectConfigurationPlatforms) = postSolution
		{580017D9-8EF3-4FBA-A661-8AFD1443F03B}.Debug|Any CPU.ActiveCfg = Debug|Any CPU
		{580017D9-8EF3-4FBA-A661-8AFD1443F03B}.Debug|Any CPU.Build.0 = Debug|Any CPU
		{580017D9-8EF3-4FBA-A661-8AFD1443F03B}.Release|Any CPU.ActiveCfg = Release|Any CPU
		{580017D9-8EF3-4FBA-A661-8AFD1443F03B}.Release|Any CPU.Build.0 = Release|Any CPU
		{1D27DA78-2EB0-4F57-826A-2604EB17DE90}.Debug|Any CPU.ActiveCfg = Debug|Any CPU
		{1D27DA78-2EB0-4F57-826A-2604EB17DE90}.Debug|Any CPU.Build.0 = Debug|Any CPU
		{1D27DA78-2EB0-4F57-826A-2604EB17DE90}.Release|Any CPU.ActiveCfg = Release|Any CPU
		{1D27DA78-2EB0-4F57-826A-2604EB17DE90}.Release|Any CPU.Build.0 = Release|Any CPU
		{35FB1996-CE5F-4C11-AEC9-AC9CBC29E4D3}.Debug|Any CPU.ActiveCfg = Debug|Any CPU
		{35FB1996-CE5F-4C11-AEC9-AC9CBC29E4D3}.Debug|Any CPU.Build.0 = Debug|Any CPU
		{35FB1996-CE5F-4C11-AEC9-AC9CBC29E4D3}.Release|Any CPU.ActiveCfg = Release|Any CPU
		{35FB1996-CE5F-4C11-AEC9-AC9CBC29E4D3}.Release|Any CPU.Build.0 = Release|Any CPU
		{F91A70D9-A7EE-4106-AB38-755498758315}.Debug|Any CPU.ActiveCfg = Debug|Any CPU
		{F91A70D9-A7EE-4106-AB38-755498758315}.Debug|Any CPU.Build.0 = Debug|Any CPU
		{F91A70D9-A7EE-4106-AB38-755498758315}.Release|Any CPU.ActiveCfg = Release|Any CPU
		{F91A70D9-A7EE-4106-AB38-755498758315}.Release|Any CPU.Build.0 = Release|Any CPU
		{8F84A599-EE4A-4DB6-B99F-C495015B57DA}.Debug|Any CPU.ActiveCfg = Debug|Any CPU
		{8F84A599-EE4A-4DB6-B99F-C495015B57DA}.Debug|Any CPU.Build.0 = Debug|Any CPU
		{8F84A599-EE4A-4DB6-B99F-C495015B57DA}.Release|Any CPU.ActiveCfg = Release|Any CPU
		{8F84A599-EE4A-4DB6-B99F-C495015B57DA}.Release|Any CPU.Build.0 = Release|Any CPU
		{234B31B4-6309-4E65-AAB9-AED5A78F389C}.Debug|Any CPU.ActiveCfg = Debug|Any CPU
		{234B31B4-6309-4E65-AAB9-AED5A78F389C}.Debug|Any CPU.Build.0 = Debug|Any CPU
		{234B31B4-6309-4E65-AAB9-AED5A78F389C}.Release|Any CPU.ActiveCfg = Release|Any CPU
		{234B31B4-6309-4E65-AAB9-AED5A78F389C}.Release|Any CPU.Build.0 = Release|Any CPU
		{843D486B-2948-4DBE-BCB0-F69B58C4C738}.Debug|Any CPU.ActiveCfg = Debug|Any CPU
		{843D486B-2948-4DBE-BCB0-F69B58C4C738}.Debug|Any CPU.Build.0 = Debug|Any CPU
		{843D486B-2948-4DBE-BCB0-F69B58C4C738}.Release|Any CPU.ActiveCfg = Release|Any CPU
		{843D486B-2948-4DBE-BCB0-F69B58C4C738}.Release|Any CPU.Build.0 = Release|Any CPU
	EndGlobalSection
	GlobalSection(SolutionProperties) = preSolution
		HideSolutionNode = FALSE
	EndGlobalSection
	GlobalSection(NestedProjects) = preSolution
		{580017D9-8EF3-4FBA-A661-8AFD1443F03B} = {1A374264-82A4-4A75-A133-25B26031471B}
		{1D27DA78-2EB0-4F57-826A-2604EB17DE90} = {0C982D15-5739-4AEC-B37F-CEDD939FAF3A}
		{35FB1996-CE5F-4C11-AEC9-AC9CBC29E4D3} = {E26C4883-D79B-487B-A76A-FCAEE70FAFC4}
		{CFC2AD4C-AEF4-4FBD-86E5-7E8CA483C661} = {BB7CAAB2-740F-42A7-8F05-93074D625E7E}
		{44E1F47C-2E68-4066-B670-1EF812E4D454} = {BB7CAAB2-740F-42A7-8F05-93074D625E7E}
		{F91A70D9-A7EE-4106-AB38-755498758315} = {14DEFE5A-10AF-4CC2-B3EC-5884CA4B8292}
		{8F84A599-EE4A-4DB6-B99F-C495015B57DA} = {E26C4883-D79B-487B-A76A-FCAEE70FAFC4}
		{234B31B4-6309-4E65-AAB9-AED5A78F389C} = {44E1F47C-2E68-4066-B670-1EF812E4D454}
		{843D486B-2948-4DBE-BCB0-F69B58C4C738} = {CFC2AD4C-AEF4-4FBD-86E5-7E8CA483C661}
	EndGlobalSection
	GlobalSection(ExtensibilityGlobals) = postSolution
		SolutionGuid = {C424BCF1-3E0E-48A6-90C2-C0FC3A5AAF38}
	EndGlobalSection
EndGlobal
